
Microsoft Visual Studio Solution File, Format Version 12.00
# Visual Studio Version 16
VisualStudioVersion = 16.0.31729.503
MinimumVisualStudioVersion = 10.0.40219.1
Project("{FAE04EC0-301F-11D3-BF4B-00C04F79EFBC}") = "LogInApp.Android", "LogInApp\LogInApp.Android\LogInApp.Android.csproj", "{BC18A338-97B9-4128-84E1-29D65F303F39}"
EndProject
Project("{FAE04EC0-301F-11D3-BF4B-00C04F79EFBC}") = "LogInApp.iOS", "LogInApp\LogInApp.iOS\LogInApp.iOS.csproj", "{8129DBB1-7F42-4308-B85E-0C5345E9225D}"
EndProject
Project("{FAE04EC0-301F-11D3-BF4B-00C04F79EFBC}") = "LogInApp", "LogInApp\LogInApp\LogInApp.csproj", "{9BBF30EF-A926-48F3-B40F-954C892A38D4}"
EndProject
Global
	GlobalSection(SolutionConfigurationPlatforms) = preSolution
		Debug|Any CPU = Debug|Any CPU
		Debug|iPhone = Debug|iPhone
		Debug|iPhoneSimulator = Debug|iPhoneSimulator
		Release|Any CPU = Release|Any CPU
		Release|iPhone = Release|iPhone
		Release|iPhoneSimulator = Release|iPhoneSimulator
	EndGlobalSection
	GlobalSection(ProjectConfigurationPlatforms) = postSolution
		{BC18A338-97B9-4128-84E1-29D65F303F39}.Debug|Any CPU.ActiveCfg = Debug|Any CPU
		{BC18A338-97B9-4128-84E1-29D65F303F39}.Debug|Any CPU.Build.0 = Debug|Any CPU
		{BC18A338-97B9-4128-84E1-29D65F303F39}.Debug|Any CPU.Deploy.0 = Debug|Any CPU
		{BC18A338-97B9-4128-84E1-29D65F303F39}.Debug|iPhone.ActiveCfg = Debug|Any CPU
		{BC18A338-97B9-4128-84E1-29D65F303F39}.Debug|iPhone.Build.0 = Debug|Any CPU
		{BC18A338-97B9-4128-84E1-29D65F303F39}.Debug|iPhone.Deploy.0 = Debug|Any CPU
		{BC18A338-97B9-4128-84E1-29D65F303F39}.Debug|iPhoneSimulator.ActiveCfg = Debug|Any CPU
		{BC18A338-97B9-4128-84E1-29D65F303F39}.Debug|iPhoneSimulator.Build.0 = Debug|Any CPU
		{BC18A338-97B9-4128-84E1-29D65F303F39}.Debug|iPhoneSimulator.Deploy.0 = Debug|Any CPU
		{BC18A338-97B9-4128-84E1-29D65F303F39}.Release|Any CPU.ActiveCfg = Release|Any CPU
		{BC18A338-97B9-4128-84E1-29D65F303F39}.Release|Any CPU.Build.0 = Release|Any CPU
		{BC18A338-97B9-4128-84E1-29D65F303F39}.Release|Any CPU.Deploy.0 = Release|Any CPU
		{BC18A338-97B9-4128-84E1-29D65F303F39}.Release|iPhone.ActiveCfg = Release|Any CPU
		{BC18A338-97B9-4128-84E1-29D65F303F39}.Release|iPhone.Build.0 = Release|Any CPU
		{BC18A338-97B9-4128-84E1-29D65F303F39}.Release|iPhone.Deploy.0 = Release|Any CPU
		{BC18A338-97B9-4128-84E1-29D65F303F39}.Release|iPhoneSimulator.ActiveCfg = Release|Any CPU
		{BC18A338-97B9-4128-84E1-29D65F303F39}.Release|iPhoneSimulator.Build.0 = Release|Any CPU
		{BC18A338-97B9-4128-84E1-29D65F303F39}.Release|iPhoneSimulator.Deploy.0 = Release|Any CPU
		{8129DBB1-7F42-4308-B85E-0C5345E9225D}.Debug|Any CPU.ActiveCfg = Debug|iPhone
		{8129DBB1-7F42-4308-B85E-0C5345E9225D}.Debug|Any CPU.Build.0 = Debug|iPhone
		{8129DBB1-7F42-4308-B85E-0C5345E9225D}.Debug|Any CPU.Deploy.0 = Debug|iPhone
		{8129DBB1-7F42-4308-B85E-0C5345E9225D}.Debug|iPhone.ActiveCfg = Debug|iPhone
		{8129DBB1-7F42-4308-B85E-0C5345E9225D}.Debug|iPhone.Build.0 = Debug|iPhone
		{8129DBB1-7F42-4308-B85E-0C5345E9225D}.Debug|iPhone.Deploy.0 = Debug|iPhone
		{8129DBB1-7F42-4308-B85E-0C5345E9225D}.Debug|iPhoneSimulator.ActiveCfg = Debug|iPhoneSimulator
		{8129DBB1-7F42-4308-B85E-0C5345E9225D}.Debug|iPhoneSimulator.Build.0 = Debug|iPhoneSimulator
		{8129DBB1-7F42-4308-B85E-0C5345E9225D}.Debug|iPhoneSimulator.Deploy.0 = Debug|iPhoneSimulator
		{8129DBB1-7F42-4308-B85E-0C5345E9225D}.Release|Any CPU.ActiveCfg = Release|iPhoneSimulator
		{8129DBB1-7F42-4308-B85E-0C5345E9225D}.Release|Any CPU.Build.0 = Release|iPhoneSimulator
		{8129DBB1-7F42-4308-B85E-0C5345E9225D}.Release|Any CPU.Deploy.0 = Release|iPhoneSimulator
		{8129DBB1-7F42-4308-B85E-0C5345E9225D}.Release|iPhone.ActiveCfg = Release|iPhone
		{8129DBB1-7F42-4308-B85E-0C5345E9225D}.Release|iPhone.Build.0 = Release|iPhone
		{8129DBB1-7F42-4308-B85E-0C5345E9225D}.Release|iPhone.Deploy.0 = Release|iPhone
		{8129DBB1-7F42-4308-B85E-0C5345E9225D}.Release|iPhoneSimulator.ActiveCfg = Release|iPhoneSimulator
		{8129DBB1-7F42-4308-B85E-0C5345E9225D}.Release|iPhoneSimulator.Build.0 = Release|iPhoneSimulator
		{8129DBB1-7F42-4308-B85E-0C5345E9225D}.Release|iPhoneSimulator.Deploy.0 = Release|iPhoneSimulator
		{9BBF30EF-A926-48F3-B40F-954C892A38D4}.Debug|Any CPU.ActiveCfg = Debug|Any CPU
		{9BBF30EF-A926-48F3-B40F-954C892A38D4}.Debug|Any CPU.Build.0 = Debug|Any CPU
		{9BBF30EF-A926-48F3-B40F-954C892A38D4}.Debug|Any CPU.Deploy.0 = Debug|Any CPU
		{9BBF30EF-A926-48F3-B40F-954C892A38D4}.Debug|iPhone.ActiveCfg = Debug|Any CPU
		{9BBF30EF-A926-48F3-B40F-954C892A38D4}.Debug|iPhone.Build.0 = Debug|Any CPU
		{9BBF30EF-A926-48F3-B40F-954C892A38D4}.Debug|iPhone.Deploy.0 = Debug|Any CPU
		{9BBF30EF-A926-48F3-B40F-954C892A38D4}.Debug|iPhoneSimulator.ActiveCfg = Debug|Any CPU
		{9BBF30EF-A926-48F3-B40F-954C892A38D4}.Debug|iPhoneSimulator.Build.0 = Debug|Any CPU
		{9BBF30EF-A926-48F3-B40F-954C892A38D4}.Debug|iPhoneSimulator.Deploy.0 = Debug|Any CPU
		{9BBF30EF-A926-48F3-B40F-954C892A38D4}.Release|Any CPU.ActiveCfg = Release|Any CPU
		{9BBF30EF-A926-48F3-B40F-954C892A38D4}.Release|Any CPU.Build.0 = Release|Any CPU
		{9BBF30EF-A926-48F3-B40F-954C892A38D4}.Release|Any CPU.Deploy.0 = Release|Any CPU
		{9BBF30EF-A926-48F3-B40F-954C892A38D4}.Release|iPhone.ActiveCfg = Release|Any CPU
		{9BBF30EF-A926-48F3-B40F-954C892A38D4}.Release|iPhone.Build.0 = Release|Any CPU
		{9BBF30EF-A926-48F3-B40F-954C892A38D4}.Release|iPhone.Deploy.0 = Release|Any CPU
		{9BBF30EF-A926-48F3-B40F-954C892A38D4}.Release|iPhoneSimulator.ActiveCfg = Release|Any CPU
		{9BBF30EF-A926-48F3-B40F-954C892A38D4}.Release|iPhoneSimulator.Build.0 = Release|Any CPU
		{9BBF30EF-A926-48F3-B40F-954C892A38D4}.Release|iPhoneSimulator.Deploy.0 = Release|Any CPU
	EndGlobalSection
	GlobalSection(SolutionProperties) = preSolution
		HideSolutionNode = FALSE
	EndGlobalSection
	GlobalSection(ExtensibilityGlobals) = postSolution
		SolutionGuid = {F5475A8F-925E-41CD-AE88-60381A64E354}
	EndGlobalSection
EndGlobal
